// !$*UTF8*$!
{
	archiveVersion = 1;
	classes = {
	};
	objectVersion = 56;
	objects = {

/* Begin PBXBuildFile section */
		368007722A27C0B7004CF2B6 /* GameAppApp.swift in Sources */ = {isa = PBXBuildFile; fileRef = 368007712A27C0B7004CF2B6 /* GameAppApp.swift */; };
		368007742A27C0B7004CF2B6 /* ContentView.swift in Sources */ = {isa = PBXBuildFile; fileRef = 368007732A27C0B7004CF2B6 /* ContentView.swift */; };
		368007762A27C0B9004CF2B6 /* Assets.xcassets in Resources */ = {isa = PBXBuildFile; fileRef = 368007752A27C0B9004CF2B6 /* Assets.xcassets */; };
		368007792A27C0B9004CF2B6 /* Preview Assets.xcassets in Resources */ = {isa = PBXBuildFile; fileRef = 368007782A27C0B9004CF2B6 /* Preview Assets.xcassets */; };
		368007872A27C1CC004CF2B6 /* background-music.mp3 in Resources */ = {isa = PBXBuildFile; fileRef = 3680077F2A27C1CC004CF2B6 /* background-music.mp3 */; };
		368007882A27C1CC004CF2B6 /* chimeup.mp3 in Resources */ = {isa = PBXBuildFile; fileRef = 368007802A27C1CC004CF2B6 /* chimeup.mp3 */; };
		368007892A27C1CC004CF2B6 /* game-over.mp3 in Resources */ = {isa = PBXBuildFile; fileRef = 368007812A27C1CC004CF2B6 /* game-over.mp3 */; };
		3680078A2A27C1CC004CF2B6 /* riseup.mp3 in Resources */ = {isa = PBXBuildFile; fileRef = 368007822A27C1CC004CF2B6 /* riseup.mp3 */; };
		3680078B2A27C1CC004CF2B6 /* win.mp3 in Resources */ = {isa = PBXBuildFile; fileRef = 368007832A27C1CC004CF2B6 /* win.mp3 */; };
		3680078C2A27C1CC004CF2B6 /* casino-chips.mp3 in Resources */ = {isa = PBXBuildFile; fileRef = 368007842A27C1CC004CF2B6 /* casino-chips.mp3 */; };
		3680078D2A27C1CC004CF2B6 /* high-score.mp3 in Resources */ = {isa = PBXBuildFile; fileRef = 368007852A27C1CC004CF2B6 /* high-score.mp3 */; };
		3680078E2A27C1CC004CF2B6 /* spin.mp3 in Resources */ = {isa = PBXBuildFile; fileRef = 368007862A27C1CC004CF2B6 /* spin.mp3 */; };
		368007932A27C2FA004CF2B6 /* Launch Screen.storyboard in Resources */ = {isa = PBXBuildFile; fileRef = 368007922A27C2FA004CF2B6 /* Launch Screen.storyboard */; };
		368007982A27C8F8004CF2B6 /* LogoView.swift in Sources */ = {isa = PBXBuildFile; fileRef = 368007972A27C8F8004CF2B6 /* LogoView.swift */; };
		3680079A2A27C918004CF2B6 /* Modifiers.swift in Sources */ = {isa = PBXBuildFile; fileRef = 368007992A27C918004CF2B6 /* Modifiers.swift */; };
/* End PBXBuildFile section */

/* Begin PBXFileReference section */
		3680076E2A27C0B7004CF2B6 /* GameApp.app */ = {isa = PBXFileReference; explicitFileType = wrapper.application; includeInIndex = 0; path = GameApp.app; sourceTree = BUILT_PRODUCTS_DIR; };
		368007712A27C0B7004CF2B6 /* GameAppApp.swift */ = {isa = PBXFileReference; lastKnownFileType = sourcecode.swift; path = GameAppApp.swift; sourceTree = "<group>"; };
		368007732A27C0B7004CF2B6 /* ContentView.swift */ = {isa = PBXFileReference; lastKnownFileType = sourcecode.swift; path = ContentView.swift; sourceTree = "<group>"; };
		368007752A27C0B9004CF2B6 /* Assets.xcassets */ = {isa = PBXFileReference; lastKnownFileType = folder.assetcatalog; path = Assets.xcassets; sourceTree = "<group>"; };
		368007782A27C0B9004CF2B6 /* Preview Assets.xcassets */ = {isa = PBXFileReference; lastKnownFileType = folder.assetcatalog; path = "Preview Assets.xcassets"; sourceTree = "<group>"; };
		3680077F2A27C1CC004CF2B6 /* background-music.mp3 */ = {isa = PBXFileReference; lastKnownFileType = audio.mp3; path = "background-music.mp3"; sourceTree = "<group>"; };
		368007802A27C1CC004CF2B6 /* chimeup.mp3 */ = {isa = PBXFileReference; lastKnownFileType = audio.mp3; path = chimeup.mp3; sourceTree = "<group>"; };
		368007812A27C1CC004CF2B6 /* game-over.mp3 */ = {isa = PBXFileReference; lastKnownFileType = audio.mp3; path = "game-over.mp3"; sourceTree = "<group>"; };
		368007822A27C1CC004CF2B6 /* riseup.mp3 */ = {isa = PBXFileReference; lastKnownFileType = audio.mp3; path = riseup.mp3; sourceTree = "<group>"; };
		368007832A27C1CC004CF2B6 /* win.mp3 */ = {isa = PBXFileReference; lastKnownFileType = audio.mp3; path = win.mp3; sourceTree = "<group>"; };
		368007842A27C1CC004CF2B6 /* casino-chips.mp3 */ = {isa = PBXFileReference; lastKnownFileType = audio.mp3; path = "casino-chips.mp3"; sourceTree = "<group>"; };
		368007852A27C1CC004CF2B6 /* high-score.mp3 */ = {isa = PBXFileReference; lastKnownFileType = audio.mp3; path = "high-score.mp3"; sourceTree = "<group>"; };
		368007862A27C1CC004CF2B6 /* spin.mp3 */ = {isa = PBXFileReference; lastKnownFileType = audio.mp3; path = spin.mp3; sourceTree = "<group>"; };
		368007922A27C2FA004CF2B6 /* Launch Screen.storyboard */ = {isa = PBXFileReference; lastKnownFileType = file.storyboard; path = "Launch Screen.storyboard"; sourceTree = "<group>"; };
		368007972A27C8F8004CF2B6 /* LogoView.swift */ = {isa = PBXFileReference; lastKnownFileType = sourcecode.swift; path = LogoView.swift; sourceTree = "<group>"; };
		368007992A27C918004CF2B6 /* Modifiers.swift */ = {isa = PBXFileReference; lastKnownFileType = sourcecode.swift; path = Modifiers.swift; sourceTree = "<group>"; };
/* End PBXFileReference section */

/* Begin PBXFrameworksBuildPhase section */
		3680076B2A27C0B7004CF2B6 /* Frameworks */ = {
			isa = PBXFrameworksBuildPhase;
			buildActionMask = 2147483647;
			files = (
			);
			runOnlyForDeploymentPostprocessing = 0;
		};
/* End PBXFrameworksBuildPhase section */

/* Begin PBXGroup section */
		368007652A27C0B7004CF2B6 = {
			isa = PBXGroup;
			children = (
				368007702A27C0B7004CF2B6 /* GameApp */,
				3680076F2A27C0B7004CF2B6 /* Products */,
			);
			sourceTree = "<group>";
		};
		3680076F2A27C0B7004CF2B6 /* Products */ = {
			isa = PBXGroup;
			children = (
				3680076E2A27C0B7004CF2B6 /* GameApp.app */,
			);
			name = Products;
			sourceTree = "<group>";
		};
		368007702A27C0B7004CF2B6 /* GameApp */ = {
			isa = PBXGroup;
			children = (
				368007952A27C613004CF2B6 /* Helpers */,
				368007942A27C60F004CF2B6 /* Views */,
				368007922A27C2FA004CF2B6 /* Launch Screen.storyboard */,
				368007712A27C0B7004CF2B6 /* GameAppApp.swift */,
				368007752A27C0B9004CF2B6 /* Assets.xcassets */,
				3680078F2A27C1D3004CF2B6 /* Sounds */,
				368007772A27C0B9004CF2B6 /* Preview Content */,
			);
			path = GameApp;
			sourceTree = "<group>";
		};
		368007772A27C0B9004CF2B6 /* Preview Content */ = {
			isa = PBXGroup;
			children = (
				368007782A27C0B9004CF2B6 /* Preview Assets.xcassets */,
			);
			path = "Preview Content";
			sourceTree = "<group>";
		};
		3680078F2A27C1D3004CF2B6 /* Sounds */ = {
			isa = PBXGroup;
			children = (
				3680077F2A27C1CC004CF2B6 /* background-music.mp3 */,
				368007842A27C1CC004CF2B6 /* casino-chips.mp3 */,
				368007802A27C1CC004CF2B6 /* chimeup.mp3 */,
				368007812A27C1CC004CF2B6 /* game-over.mp3 */,
				368007852A27C1CC004CF2B6 /* high-score.mp3 */,
				368007822A27C1CC004CF2B6 /* riseup.mp3 */,
				368007862A27C1CC004CF2B6 /* spin.mp3 */,
				368007832A27C1CC004CF2B6 /* win.mp3 */,
			);
			path = Sounds;
			sourceTree = "<group>";
		};
		368007942A27C60F004CF2B6 /* Views */ = {
			isa = PBXGroup;
			children = (
				368007732A27C0B7004CF2B6 /* ContentView.swift */,
				368007972A27C8F8004CF2B6 /* LogoView.swift */,
			);
			path = Views;
			sourceTree = "<group>";
		};
		368007952A27C613004CF2B6 /* Helpers */ = {
			isa = PBXGroup;
			children = (
				368007992A27C918004CF2B6 /* Modifiers.swift */,
			);
			path = Helpers;
			sourceTree = "<group>";
		};
/* End PBXGroup section */

/* Begin PBXNativeTarget section */
		3680076D2A27C0B7004CF2B6 /* GameApp */ = {
			isa = PBXNativeTarget;
			buildConfigurationList = 3680077C2A27C0B9004CF2B6 /* Build configuration list for PBXNativeTarget "GameApp" */;
			buildPhases = (
				3680076A2A27C0B7004CF2B6 /* Sources */,
				3680076B2A27C0B7004CF2B6 /* Frameworks */,
				3680076C2A27C0B7004CF2B6 /* Resources */,
			);
			buildRules = (
			);
			dependencies = (
			);
			name = GameApp;
			productName = GameApp;
			productReference = 3680076E2A27C0B7004CF2B6 /* GameApp.app */;
			productType = "com.apple.product-type.application";
		};
/* End PBXNativeTarget section */

/* Begin PBXProject section */
		368007662A27C0B7004CF2B6 /* Project object */ = {
			isa = PBXProject;
			attributes = {
				BuildIndependentTargetsInParallel = 1;
				LastSwiftUpdateCheck = 1420;
				LastUpgradeCheck = 1420;
				TargetAttributes = {
					3680076D2A27C0B7004CF2B6 = {
						CreatedOnToolsVersion = 14.2;
					};
				};
			};
			buildConfigurationList = 368007692A27C0B7004CF2B6 /* Build configuration list for PBXProject "GameApp" */;
			compatibilityVersion = "Xcode 14.0";
			developmentRegion = en;
			hasScannedForEncodings = 0;
			knownRegions = (
				en,
				Base,
			);
			mainGroup = 368007652A27C0B7004CF2B6;
			productRefGroup = 3680076F2A27C0B7004CF2B6 /* Products */;
			projectDirPath = "";
			projectRoot = "";
			targets = (
				3680076D2A27C0B7004CF2B6 /* GameApp */,
			);
		};
/* End PBXProject section */

/* Begin PBXResourcesBuildPhase section */
		3680076C2A27C0B7004CF2B6 /* Resources */ = {
			isa = PBXResourcesBuildPhase;
			buildActionMask = 2147483647;
			files = (
				3680078A2A27C1CC004CF2B6 /* riseup.mp3 in Resources */,
				368007882A27C1CC004CF2B6 /* chimeup.mp3 in Resources */,
				3680078B2A27C1CC004CF2B6 /* win.mp3 in Resources */,
				368007892A27C1CC004CF2B6 /* game-over.mp3 in Resources */,
				368007792A27C0B9004CF2B6 /* Preview Assets.xcassets in Resources */,
				368007872A27C1CC004CF2B6 /* background-music.mp3 in Resources */,
				368007932A27C2FA004CF2B6 /* Launch Screen.storyboard in Resources */,
				3680078E2A27C1CC004CF2B6 /* spin.mp3 in Resources */,
				368007762A27C0B9004CF2B6 /* Assets.xcassets in Resources */,
				3680078C2A27C1CC004CF2B6 /* casino-chips.mp3 in Resources */,
				3680078D2A27C1CC004CF2B6 /* high-score.mp3 in Resources */,
			);
			runOnlyForDeploymentPostprocessing = 0;
		};
/* End PBXResourcesBuildPhase section */

/* Begin PBXSourcesBuildPhase section */
		3680076A2A27C0B7004CF2B6 /* Sources */ = {
			isa = PBXSourcesBuildPhase;
			buildActionMask = 2147483647;
			files = (
				3680079A2A27C918004CF2B6 /* Modifiers.swift in Sources */,
				368007742A27C0B7004CF2B6 /* ContentView.swift in Sources */,
				368007982A27C8F8004CF2B6 /* LogoView.swift in Sources */,
				368007722A27C0B7004CF2B6 /* GameAppApp.swift in Sources */,
			);
			runOnlyForDeploymentPostprocessing = 0;
		};
/* End PBXSourcesBuildPhase section */

/* Begin XCBuildConfiguration section */
		3680077A2A27C0B9004CF2B6 /* Debug */ = {
			isa = XCBuildConfiguration;
			buildSettings = {
				ALWAYS_SEARCH_USER_PATHS = NO;
				CLANG_ANALYZER_NONNULL = YES;
				CLANG_ANALYZER_NUMBER_OBJECT_CONVERSION = YES_AGGRESSIVE;
				CLANG_CXX_LANGUAGE_STANDARD = "gnu++20";
				CLANG_ENABLE_MODULES = YES;
				CLANG_ENABLE_OBJC_ARC = YES;
				CLANG_ENABLE_OBJC_WEAK = YES;
				CLANG_WARN_BLOCK_CAPTURE_AUTORELEASING = YES;
				CLANG_WARN_BOOL_CONVERSION = YES;
				CLANG_WARN_COMMA = YES;
				CLANG_WARN_CONSTANT_CONVERSION = YES;
				CLANG_WARN_DEPRECATED_OBJC_IMPLEMENTATIONS = YES;
				CLANG_WARN_DIRECT_OBJC_ISA_USAGE = YES_ERROR;
				CLANG_WARN_DOCUMENTATION_COMMENTS = YES;
				CLANG_WARN_EMPTY_BODY = YES;
				CLANG_WARN_ENUM_CONVERSION = YES;
				CLANG_WARN_INFINITE_RECURSION = YES;
				CLANG_WARN_INT_CONVERSION = YES;
				CLANG_WARN_NON_LITERAL_NULL_CONVERSION = YES;
				CLANG_WARN_OBJC_IMPLICIT_RETAIN_SELF = YES;
				CLANG_WARN_OBJC_LITERAL_CONVERSION = YES;
				CLANG_WARN_OBJC_ROOT_CLASS = YES_ERROR;
				CLANG_WARN_QUOTED_INCLUDE_IN_FRAMEWORK_HEADER = YES;
				CLANG_WARN_RANGE_LOOP_ANALYSIS = YES;
				CLANG_WARN_STRICT_PROTOTYPES = YES;
				CLANG_WARN_SUSPICIOUS_MOVE = YES;
				CLANG_WARN_UNGUARDED_AVAILABILITY = YES_AGGRESSIVE;
				CLANG_WARN_UNREACHABLE_CODE = YES;
				CLANG_WARN__DUPLICATE_METHOD_MATCH = YES;
				COPY_PHASE_STRIP = NO;
				DEBUG_INFORMATION_FORMAT = dwarf;
				ENABLE_STRICT_OBJC_MSGSEND = YES;
				ENABLE_TESTABILITY = YES;
				GCC_C_LANGUAGE_STANDARD = gnu11;
				GCC_DYNAMIC_NO_PIC = NO;
				GCC_NO_COMMON_BLOCKS = YES;
				GCC_OPTIMIZATION_LEVEL = 0;
				GCC_PREPROCESSOR_DEFINITIONS = (
					"DEBUG=1",
					"$(inherited)",
				);
				GCC_WARN_64_TO_32_BIT_CONVERSION = YES;
				GCC_WARN_ABOUT_RETURN_TYPE = YES_ERROR;
				GCC_WARN_UNDECLARED_SELECTOR = YES;
				GCC_WARN_UNINITIALIZED_AUTOS = YES_AGGRESSIVE;
				GCC_WARN_UNUSED_FUNCTION = YES;
				GCC_WARN_UNUSED_VARIABLE = YES;
				IPHONEOS_DEPLOYMENT_TARGET = 16.2;
				MTL_ENABLE_DEBUG_INFO = INCLUDE_SOURCE;
				MTL_FAST_MATH = YES;
				ONLY_ACTIVE_ARCH = YES;
				SDKROOT = iphoneos;
				SWIFT_ACTIVE_COMPILATION_CONDITIONS = DEBUG;
				SWIFT_OPTIMIZATION_LEVEL = "-Onone";
			};
			name = Debug;
		};
		3680077B2A27C0B9004CF2B6 /* Release */ = {
			isa = XCBuildConfiguration;
			buildSettings = {
				ALWAYS_SEARCH_USER_PATHS = NO;
				CLANG_ANALYZER_NONNULL = YES;
				CLANG_ANALYZER_NUMBER_OBJECT_CONVERSION = YES_AGGRESSIVE;
				CLANG_CXX_LANGUAGE_STANDARD = "gnu++20";
				CLANG_ENABLE_MODULES = YES;
				CLANG_ENABLE_OBJC_ARC = YES;
				CLANG_ENABLE_OBJC_WEAK = YES;
				CLANG_WARN_BLOCK_CAPTURE_AUTORELEASING = YES;
				CLANG_WARN_BOOL_CONVERSION = YES;
				CLANG_WARN_COMMA = YES;
				CLANG_WARN_CONSTANT_CONVERSION = YES;
				CLANG_WARN_DEPRECATED_OBJC_IMPLEMENTATIONS = YES;
				CLANG_WARN_DIRECT_OBJC_ISA_USAGE = YES_ERROR;
				CLANG_WARN_DOCUMENTATION_COMMENTS = YES;
				CLANG_WARN_EMPTY_BODY = YES;
				CLANG_WARN_ENUM_CONVERSION = YES;
				CLANG_WARN_INFINITE_RECURSION = YES;
				CLANG_WARN_INT_CONVERSION = YES;
				CLANG_WARN_NON_LITERAL_NULL_CONVERSION = YES;
				CLANG_WARN_OBJC_IMPLICIT_RETAIN_SELF = YES;
				CLANG_WARN_OBJC_LITERAL_CONVERSION = YES;
				CLANG_WARN_OBJC_ROOT_CLASS = YES_ERROR;
				CLANG_WARN_QUOTED_INCLUDE_IN_FRAMEWORK_HEADER = YES;
				CLANG_WARN_RANGE_LOOP_ANALYSIS = YES;
				CLANG_WARN_STRICT_PROTOTYPES = YES;
				CLANG_WARN_SUSPICIOUS_MOVE = YES;
				CLANG_WARN_UNGUARDED_AVAILABILITY = YES_AGGRESSIVE;
				CLANG_WARN_UNREACHABLE_CODE = YES;
				CLANG_WARN__DUPLICATE_METHOD_MATCH = YES;
				COPY_PHASE_STRIP = NO;
				DEBUG_INFORMATION_FORMAT = "dwarf-with-dsym";
				ENABLE_NS_ASSERTIONS = NO;
				ENABLE_STRICT_OBJC_MSGSEND = YES;
				GCC_C_LANGUAGE_STANDARD = gnu11;
				GCC_NO_COMMON_BLOCKS = YES;
				GCC_WARN_64_TO_32_BIT_CONVERSION = YES;
				GCC_WARN_ABOUT_RETURN_TYPE = YES_ERROR;
				GCC_WARN_UNDECLARED_SELECTOR = YES;
				GCC_WARN_UNINITIALIZED_AUTOS = YES_AGGRESSIVE;
				GCC_WARN_UNUSED_FUNCTION = YES;
				GCC_WARN_UNUSED_VARIABLE = YES;
				IPHONEOS_DEPLOYMENT_TARGET = 16.2;
				MTL_ENABLE_DEBUG_INFO = NO;
				MTL_FAST_MATH = YES;
				SDKROOT = iphoneos;
				SWIFT_COMPILATION_MODE = wholemodule;
				SWIFT_OPTIMIZATION_LEVEL = "-O";
				VALIDATE_PRODUCT = YES;
			};
			name = Release;
		};
		3680077D2A27C0B9004CF2B6 /* Debug */ = {
			isa = XCBuildConfiguration;
			buildSettings = {
				ASSETCATALOG_COMPILER_APPICON_NAME = AppIcon;
				ASSETCATALOG_COMPILER_GLOBAL_ACCENT_COLOR_NAME = AccentColor;
				CODE_SIGN_STYLE = Automatic;
				CURRENT_PROJECT_VERSION = 1;
				DEVELOPMENT_ASSET_PATHS = "\"GameApp/Preview Content\"";
				DEVELOPMENT_TEAM = 56GPYX4M8B;
				ENABLE_PREVIEWS = YES;
				GENERATE_INFOPLIST_FILE = YES;
				INFOPLIST_KEY_UIApplicationSceneManifest_Generation = YES;
				INFOPLIST_KEY_UIApplicationSupportsIndirectInputEvents = YES;
				INFOPLIST_KEY_UILaunchStoryboardName = "Launch Screen.storyboard";
				INFOPLIST_KEY_UISupportedInterfaceOrientations_iPad = "UIInterfaceOrientationPortrait UIInterfaceOrientationPortraitUpsideDown UIInterfaceOrientationLandscapeLeft UIInterfaceOrientationLandscapeRight";
				INFOPLIST_KEY_UISupportedInterfaceOrientations_iPhone = "UIInterfaceOrientationPortrait UIInterfaceOrientationLandscapeLeft UIInterfaceOrientationLandscapeRight";
				LD_RUNPATH_SEARCH_PATHS = (
					"$(inherited)",
					"@executable_path/Frameworks",
				);
				MARKETING_VERSION = 1.0;
				PRODUCT_BUNDLE_IDENTIFIER = com.CanKanbur.GameApp;
				PRODUCT_NAME = "$(TARGET_NAME)";
				SWIFT_EMIT_LOC_STRINGS = YES;
				SWIFT_VERSION = 5.0;
				TARGETED_DEVICE_FAMILY = "1,2";
			};
			name = Debug;
		};
		3680077E2A27C0B9004CF2B6 /* Release */ = {
			isa = XCBuildConfiguration;
			buildSettings = {
				ASSETCATALOG_COMPILER_APPICON_NAME = AppIcon;
				ASSETCATALOG_COMPILER_GLOBAL_ACCENT_COLOR_NAME = AccentColor;
				CODE_SIGN_STYLE = Automatic;
				CURRENT_PROJECT_VERSION = 1;
				DEVELOPMENT_ASSET_PATHS = "\"GameApp/Preview Content\"";
				DEVELOPMENT_TEAM = 56GPYX4M8B;
				ENABLE_PREVIEWS = YES;
				GENERATE_INFOPLIST_FILE = YES;
				INFOPLIST_KEY_UIApplicationSceneManifest_Generation = YES;
				INFOPLIST_KEY_UIApplicationSupportsIndirectInputEvents = YES;
				INFOPLIST_KEY_UILaunchStoryboardName = "Launch Screen.storyboard";
				INFOPLIST_KEY_UISupportedInterfaceOrientations_iPad = "UIInterfaceOrientationPortrait UIInterfaceOrientationPortraitUpsideDown UIInterfaceOrientationLandscapeLeft UIInterfaceOrientationLandscapeRight";
				INFOPLIST_KEY_UISupportedInterfaceOrientations_iPhone = "UIInterfaceOrientationPortrait UIInterfaceOrientationLandscapeLeft UIInterfaceOrientationLandscapeRight";
				LD_RUNPATH_SEARCH_PATHS = (
					"$(inherited)",
					"@executable_path/Frameworks",
				);
				MARKETING_VERSION = 1.0;
				PRODUCT_BUNDLE_IDENTIFIER = com.CanKanbur.GameApp;
				PRODUCT_NAME = "$(TARGET_NAME)";
				SWIFT_EMIT_LOC_STRINGS = YES;
				SWIFT_VERSION = 5.0;
				TARGETED_DEVICE_FAMILY = "1,2";
			};
			name = Release;
		};
/* End XCBuildConfiguration section */

/* Begin XCConfigurationList section */
		368007692A27C0B7004CF2B6 /* Build configuration list for PBXProject "GameApp" */ = {
			isa = XCConfigurationList;
			buildConfigurations = (
				3680077A2A27C0B9004CF2B6 /* Debug */,
				3680077B2A27C0B9004CF2B6 /* Release */,
			);
			defaultConfigurationIsVisible = 0;
			defaultConfigurationName = Release;
		};
		3680077C2A27C0B9004CF2B6 /* Build configuration list for PBXNativeTarget "GameApp" */ = {
			isa = XCConfigurationList;
			buildConfigurations = (
				3680077D2A27C0B9004CF2B6 /* Debug */,
				3680077E2A27C0B9004CF2B6 /* Release */,
			);
			defaultConfigurationIsVisible = 0;
			defaultConfigurationName = Release;
		};
/* End XCConfigurationList section */
	};
	rootObject = 368007662A27C0B7004CF2B6 /* Project object */;
}
